// !$*UTF8*$!
{
	archiveVersion = 1;
	classes = {
	};
	objectVersion = 56;
	objects = {

/* Begin PBXBuildFile section */
		87021AEE2B7C00C300D13F19 /* GUButton.swift in Sources */ = {isa = PBXBuildFile; fileRef = 87021AED2B7C00C300D13F19 /* GUButton.swift */; };
		87021AF02B7C066C00D13F19 /* GUTextField.swift in Sources */ = {isa = PBXBuildFile; fileRef = 87021AEF2B7C066C00D13F19 /* GUTextField.swift */; };
		87021AF22B7C196300D13F19 /* FollowersListVC.swift in Sources */ = {isa = PBXBuildFile; fileRef = 87021AF12B7C196300D13F19 /* FollowersListVC.swift */; };
		8726626A2B8E6BB100E841D9 /* GUError.swift in Sources */ = {isa = PBXBuildFile; fileRef = 872662692B8E6BB100E841D9 /* GUError.swift */; };
		8726626D2B8E6E7700E841D9 /* FollowerCell.swift in Sources */ = {isa = PBXBuildFile; fileRef = 8726626C2B8E6E7700E841D9 /* FollowerCell.swift */; };
		8726626F2B8E6ED100E841D9 /* GUAvatarImageView.swift in Sources */ = {isa = PBXBuildFile; fileRef = 8726626E2B8E6ED100E841D9 /* GUAvatarImageView.swift */; };
		872662712B8E82B500E841D9 /* UIHelper.swift in Sources */ = {isa = PBXBuildFile; fileRef = 872662702B8E82B500E841D9 /* UIHelper.swift */; };
		872662792B9668C100E841D9 /* GUEmptyStateView.swift in Sources */ = {isa = PBXBuildFile; fileRef = 872662782B9668C100E841D9 /* GUEmptyStateView.swift */; };
		8726627B2B96792C00E841D9 /* UserInfoVC.swift in Sources */ = {isa = PBXBuildFile; fileRef = 8726627A2B96792C00E841D9 /* UserInfoVC.swift */; };
		8764F4A02B7E969200B05C40 /* GUAlertVC.swift in Sources */ = {isa = PBXBuildFile; fileRef = 8764F49F2B7E969200B05C40 /* GUAlertVC.swift */; };
		8764F4A22B7E9B4600B05C40 /* UIViewController+Ext.swift in Sources */ = {isa = PBXBuildFile; fileRef = 8764F4A12B7E9B4600B05C40 /* UIViewController+Ext.swift */; };
		8764F4A82B7EA52100B05C40 /* GUContainerView.swift in Sources */ = {isa = PBXBuildFile; fileRef = 8764F4A72B7EA52100B05C40 /* GUContainerView.swift */; };
		8764F4AB2B7EB02800B05C40 /* Follower.swift in Sources */ = {isa = PBXBuildFile; fileRef = 8764F4AA2B7EB02800B05C40 /* Follower.swift */; };
		8764F4AD2B7EB0AA00B05C40 /* User.swift in Sources */ = {isa = PBXBuildFile; fileRef = 8764F4AC2B7EB0AA00B05C40 /* User.swift */; };
		8764F4AF2B7EB61000B05C40 /* NetworkManager.swift in Sources */ = {isa = PBXBuildFile; fileRef = 8764F4AE2B7EB61000B05C40 /* NetworkManager.swift */; };
		87CC97BF2B76C32A00767BAE /* AppDelegate.swift in Sources */ = {isa = PBXBuildFile; fileRef = 87CC97BE2B76C32A00767BAE /* AppDelegate.swift */; };
		87CC97C12B76C32A00767BAE /* SceneDelegate.swift in Sources */ = {isa = PBXBuildFile; fileRef = 87CC97C02B76C32A00767BAE /* SceneDelegate.swift */; };
		87CC97C82B76C32B00767BAE /* Assets.xcassets in Resources */ = {isa = PBXBuildFile; fileRef = 87CC97C72B76C32B00767BAE /* Assets.xcassets */; };
		87CC97CB2B76C32B00767BAE /* LaunchScreen.storyboard in Resources */ = {isa = PBXBuildFile; fileRef = 87CC97C92B76C32B00767BAE /* LaunchScreen.storyboard */; };
		87CC97D52B76C99600767BAE /* SearchVC.swift in Sources */ = {isa = PBXBuildFile; fileRef = 87CC97D42B76C99600767BAE /* SearchVC.swift */; };
		87CC97D72B76C9BA00767BAE /* FavoritesListVC.swift in Sources */ = {isa = PBXBuildFile; fileRef = 87CC97D62B76C9BA00767BAE /* FavoritesListVC.swift */; };
		87D2C79A2B97BC7800A43B96 /* GUUserInfoHeaderVC.swift in Sources */ = {isa = PBXBuildFile; fileRef = 87D2C7992B97BC7800A43B96 /* GUUserInfoHeaderVC.swift */; };
		87D2C79C2B97BCC500A43B96 /* GUSecondaryTitleLabel.swift in Sources */ = {isa = PBXBuildFile; fileRef = 87D2C79B2B97BCC500A43B96 /* GUSecondaryTitleLabel.swift */; };
		87D2C79E2B97C23700A43B96 /* Constants.swift in Sources */ = {isa = PBXBuildFile; fileRef = 87D2C79D2B97C23700A43B96 /* Constants.swift */; };
		87D341822B7E951A00BF6E4B /* GUTitleLabel.swift in Sources */ = {isa = PBXBuildFile; fileRef = 87D341812B7E951A00BF6E4B /* GUTitleLabel.swift */; };
		87D341842B7E95FB00BF6E4B /* GUBodyLabel.swift in Sources */ = {isa = PBXBuildFile; fileRef = 87D341832B7E95FB00BF6E4B /* GUBodyLabel.swift */; };
/* End PBXBuildFile section */

/* Begin PBXFileReference section */
		87021AED2B7C00C300D13F19 /* GUButton.swift */ = {isa = PBXFileReference; lastKnownFileType = sourcecode.swift; path = GUButton.swift; sourceTree = "<group>"; };
		87021AEF2B7C066C00D13F19 /* GUTextField.swift */ = {isa = PBXFileReference; lastKnownFileType = sourcecode.swift; path = GUTextField.swift; sourceTree = "<group>"; };
		87021AF12B7C196300D13F19 /* FollowersListVC.swift */ = {isa = PBXFileReference; lastKnownFileType = sourcecode.swift; path = FollowersListVC.swift; sourceTree = "<group>"; };
		872662692B8E6BB100E841D9 /* GUError.swift */ = {isa = PBXFileReference; lastKnownFileType = sourcecode.swift; path = GUError.swift; sourceTree = "<group>"; };
		8726626C2B8E6E7700E841D9 /* FollowerCell.swift */ = {isa = PBXFileReference; lastKnownFileType = sourcecode.swift; path = FollowerCell.swift; sourceTree = "<group>"; };
		8726626E2B8E6ED100E841D9 /* GUAvatarImageView.swift */ = {isa = PBXFileReference; lastKnownFileType = sourcecode.swift; path = GUAvatarImageView.swift; sourceTree = "<group>"; };
		872662702B8E82B500E841D9 /* UIHelper.swift */ = {isa = PBXFileReference; lastKnownFileType = sourcecode.swift; path = UIHelper.swift; sourceTree = "<group>"; };
		872662782B9668C100E841D9 /* GUEmptyStateView.swift */ = {isa = PBXFileReference; lastKnownFileType = sourcecode.swift; path = GUEmptyStateView.swift; sourceTree = "<group>"; };
		8726627A2B96792C00E841D9 /* UserInfoVC.swift */ = {isa = PBXFileReference; lastKnownFileType = sourcecode.swift; path = UserInfoVC.swift; sourceTree = "<group>"; };
		8764F49F2B7E969200B05C40 /* GUAlertVC.swift */ = {isa = PBXFileReference; lastKnownFileType = sourcecode.swift; path = GUAlertVC.swift; sourceTree = "<group>"; };
		8764F4A12B7E9B4600B05C40 /* UIViewController+Ext.swift */ = {isa = PBXFileReference; lastKnownFileType = sourcecode.swift; path = "UIViewController+Ext.swift"; sourceTree = "<group>"; };
		8764F4A72B7EA52100B05C40 /* GUContainerView.swift */ = {isa = PBXFileReference; lastKnownFileType = sourcecode.swift; path = GUContainerView.swift; sourceTree = "<group>"; };
		8764F4AA2B7EB02800B05C40 /* Follower.swift */ = {isa = PBXFileReference; lastKnownFileType = sourcecode.swift; path = Follower.swift; sourceTree = "<group>"; };
		8764F4AC2B7EB0AA00B05C40 /* User.swift */ = {isa = PBXFileReference; lastKnownFileType = sourcecode.swift; path = User.swift; sourceTree = "<group>"; };
		8764F4AE2B7EB61000B05C40 /* NetworkManager.swift */ = {isa = PBXFileReference; lastKnownFileType = sourcecode.swift; path = NetworkManager.swift; sourceTree = "<group>"; };
		87CC97BB2B76C32A00767BAE /* GithubUsers.app */ = {isa = PBXFileReference; explicitFileType = wrapper.application; includeInIndex = 0; path = GithubUsers.app; sourceTree = BUILT_PRODUCTS_DIR; };
		87CC97BE2B76C32A00767BAE /* AppDelegate.swift */ = {isa = PBXFileReference; lastKnownFileType = sourcecode.swift; path = AppDelegate.swift; sourceTree = "<group>"; };
		87CC97C02B76C32A00767BAE /* SceneDelegate.swift */ = {isa = PBXFileReference; lastKnownFileType = sourcecode.swift; path = SceneDelegate.swift; sourceTree = "<group>"; };
		87CC97C72B76C32B00767BAE /* Assets.xcassets */ = {isa = PBXFileReference; lastKnownFileType = folder.assetcatalog; path = Assets.xcassets; sourceTree = "<group>"; };
		87CC97CA2B76C32B00767BAE /* Base */ = {isa = PBXFileReference; lastKnownFileType = file.storyboard; name = Base; path = Base.lproj/LaunchScreen.storyboard; sourceTree = "<group>"; };
		87CC97CC2B76C32B00767BAE /* Info.plist */ = {isa = PBXFileReference; lastKnownFileType = text.plist.xml; path = Info.plist; sourceTree = "<group>"; };
		87CC97D42B76C99600767BAE /* SearchVC.swift */ = {isa = PBXFileReference; lastKnownFileType = sourcecode.swift; path = SearchVC.swift; sourceTree = "<group>"; };
		87CC97D62B76C9BA00767BAE /* FavoritesListVC.swift */ = {isa = PBXFileReference; lastKnownFileType = sourcecode.swift; path = FavoritesListVC.swift; sourceTree = "<group>"; };
		87D2C7992B97BC7800A43B96 /* GUUserInfoHeaderVC.swift */ = {isa = PBXFileReference; lastKnownFileType = sourcecode.swift; path = GUUserInfoHeaderVC.swift; sourceTree = "<group>"; };
		87D2C79B2B97BCC500A43B96 /* GUSecondaryTitleLabel.swift */ = {isa = PBXFileReference; lastKnownFileType = sourcecode.swift; path = GUSecondaryTitleLabel.swift; sourceTree = "<group>"; };
		87D2C79D2B97C23700A43B96 /* Constants.swift */ = {isa = PBXFileReference; lastKnownFileType = sourcecode.swift; path = Constants.swift; sourceTree = "<group>"; };
		87D341812B7E951A00BF6E4B /* GUTitleLabel.swift */ = {isa = PBXFileReference; lastKnownFileType = sourcecode.swift; path = GUTitleLabel.swift; sourceTree = "<group>"; };
		87D341832B7E95FB00BF6E4B /* GUBodyLabel.swift */ = {isa = PBXFileReference; lastKnownFileType = sourcecode.swift; path = GUBodyLabel.swift; sourceTree = "<group>"; };
/* End PBXFileReference section */

/* Begin PBXFrameworksBuildPhase section */
		87CC97B82B76C32A00767BAE /* Frameworks */ = {
			isa = PBXFrameworksBuildPhase;
			buildActionMask = 2147483647;
			files = (
			);
			runOnlyForDeploymentPostprocessing = 0;
		};
/* End PBXFrameworksBuildPhase section */

/* Begin PBXGroup section */
		872662662B8E65DA00E841D9 /* Utilities */ = {
			isa = PBXGroup;
			children = (
				872662692B8E6BB100E841D9 /* GUError.swift */,
				872662702B8E82B500E841D9 /* UIHelper.swift */,
				87D2C79D2B97C23700A43B96 /* Constants.swift */,
			);
			path = Utilities;
			sourceTree = "<group>";
		};
		8726626B2B8E6E5F00E841D9 /* Cells */ = {
			isa = PBXGroup;
			children = (
				8726626C2B8E6E7700E841D9 /* FollowerCell.swift */,
			);
			path = Cells;
			sourceTree = "<group>";
		};
		872662722B96680A00E841D9 /* ViewControllers */ = {
			isa = PBXGroup;
			children = (
				8764F49F2B7E969200B05C40 /* GUAlertVC.swift */,
				87D2C7992B97BC7800A43B96 /* GUUserInfoHeaderVC.swift */,
			);
			path = ViewControllers;
			sourceTree = "<group>";
		};
		872662732B96681000E841D9 /* Labels */ = {
			isa = PBXGroup;
			children = (
				87D341832B7E95FB00BF6E4B /* GUBodyLabel.swift */,
				87D341812B7E951A00BF6E4B /* GUTitleLabel.swift */,
				87D2C79B2B97BCC500A43B96 /* GUSecondaryTitleLabel.swift */,
			);
			path = Labels;
			sourceTree = "<group>";
		};
		872662742B96681800E841D9 /* TextFields */ = {
			isa = PBXGroup;
			children = (
				87021AEF2B7C066C00D13F19 /* GUTextField.swift */,
			);
			path = TextFields;
			sourceTree = "<group>";
		};
		872662752B96681E00E841D9 /* Buttons */ = {
			isa = PBXGroup;
			children = (
				87021AED2B7C00C300D13F19 /* GUButton.swift */,
			);
			path = Buttons;
			sourceTree = "<group>";
		};
		872662762B96683B00E841D9 /* Views */ = {
			isa = PBXGroup;
			children = (
				8764F4A72B7EA52100B05C40 /* GUContainerView.swift */,
				872662782B9668C100E841D9 /* GUEmptyStateView.swift */,
			);
			path = Views;
			sourceTree = "<group>";
		};
		872662772B96685000E841D9 /* ImageViews */ = {
			isa = PBXGroup;
			children = (
				8726626E2B8E6ED100E841D9 /* GUAvatarImageView.swift */,
			);
			path = ImageViews;
			sourceTree = "<group>";
		};
		8764F4A32B7E9F2C00B05C40 /* Screens */ = {
			isa = PBXGroup;
			children = (
				87CC97D42B76C99600767BAE /* SearchVC.swift */,
				87CC97D62B76C9BA00767BAE /* FavoritesListVC.swift */,
				87021AF12B7C196300D13F19 /* FollowersListVC.swift */,
				8726627A2B96792C00E841D9 /* UserInfoVC.swift */,
			);
			path = Screens;
			sourceTree = "<group>";
		};
		8764F4A42B7E9F4900B05C40 /* Custom Views */ = {
			isa = PBXGroup;
			children = (
				872662722B96680A00E841D9 /* ViewControllers */,
				872662772B96685000E841D9 /* ImageViews */,
				872662762B96683B00E841D9 /* Views */,
				872662742B96681800E841D9 /* TextFields */,
				872662732B96681000E841D9 /* Labels */,
				872662752B96681E00E841D9 /* Buttons */,
				8726626B2B8E6E5F00E841D9 /* Cells */,
			);
			path = "Custom Views";
			sourceTree = "<group>";
		};
		8764F4A52B7E9F7300B05C40 /* Extensions */ = {
			isa = PBXGroup;
			children = (
				8764F4A12B7E9B4600B05C40 /* UIViewController+Ext.swift */,
			);
			path = Extensions;
			sourceTree = "<group>";
		};
		8764F4A62B7E9FBA00B05C40 /* Support */ = {
			isa = PBXGroup;
			children = (
				87CC97BE2B76C32A00767BAE /* AppDelegate.swift */,
				87CC97C02B76C32A00767BAE /* SceneDelegate.swift */,
				87CC97C72B76C32B00767BAE /* Assets.xcassets */,
				87CC97C92B76C32B00767BAE /* LaunchScreen.storyboard */,
			);
			path = Support;
			sourceTree = "<group>";
		};
		8764F4A92B7EB01C00B05C40 /* Models */ = {
			isa = PBXGroup;
			children = (
				8764F4AA2B7EB02800B05C40 /* Follower.swift */,
				8764F4AC2B7EB0AA00B05C40 /* User.swift */,
				8764F4AE2B7EB61000B05C40 /* NetworkManager.swift */,
			);
			path = Models;
			sourceTree = "<group>";
		};
		87CC97B22B76C32A00767BAE = {
			isa = PBXGroup;
			children = (
				87CC97BD2B76C32A00767BAE /* GithubUsers */,
				87CC97BC2B76C32A00767BAE /* Products */,
			);
			sourceTree = "<group>";
		};
		87CC97BC2B76C32A00767BAE /* Products */ = {
			isa = PBXGroup;
			children = (
				87CC97BB2B76C32A00767BAE /* GithubUsers.app */,
			);
			name = Products;
			sourceTree = "<group>";
		};
		87CC97BD2B76C32A00767BAE /* GithubUsers */ = {
			isa = PBXGroup;
			children = (
				872662662B8E65DA00E841D9 /* Utilities */,
				8764F4A92B7EB01C00B05C40 /* Models */,
				8764F4A52B7E9F7300B05C40 /* Extensions */,
				8764F4A42B7E9F4900B05C40 /* Custom Views */,
				8764F4A32B7E9F2C00B05C40 /* Screens */,
				8764F4A62B7E9FBA00B05C40 /* Support */,
				87CC97CC2B76C32B00767BAE /* Info.plist */,
			);
			path = GithubUsers;
			sourceTree = "<group>";
		};
/* End PBXGroup section */

/* Begin PBXNativeTarget section */
		87CC97BA2B76C32A00767BAE /* GithubUsers */ = {
			isa = PBXNativeTarget;
			buildConfigurationList = 87CC97CF2B76C32B00767BAE /* Build configuration list for PBXNativeTarget "GithubUsers" */;
			buildPhases = (
				87CC97B72B76C32A00767BAE /* Sources */,
				87CC97B82B76C32A00767BAE /* Frameworks */,
				87CC97B92B76C32A00767BAE /* Resources */,
			);
			buildRules = (
			);
			dependencies = (
			);
			name = GithubUsers;
			productName = GithubUsers;
			productReference = 87CC97BB2B76C32A00767BAE /* GithubUsers.app */;
			productType = "com.apple.product-type.application";
		};
/* End PBXNativeTarget section */

/* Begin PBXProject section */
		87CC97B32B76C32A00767BAE /* Project object */ = {
			isa = PBXProject;
			attributes = {
				BuildIndependentTargetsInParallel = 1;
				LastSwiftUpdateCheck = 1520;
				LastUpgradeCheck = 1520;
				TargetAttributes = {
					87CC97BA2B76C32A00767BAE = {
						CreatedOnToolsVersion = 15.2;
					};
				};
			};
			buildConfigurationList = 87CC97B62B76C32A00767BAE /* Build configuration list for PBXProject "GithubUsers" */;
			compatibilityVersion = "Xcode 14.0";
			developmentRegion = en;
			hasScannedForEncodings = 0;
			knownRegions = (
				en,
				Base,
			);
			mainGroup = 87CC97B22B76C32A00767BAE;
			productRefGroup = 87CC97BC2B76C32A00767BAE /* Products */;
			projectDirPath = "";
			projectRoot = "";
			targets = (
				87CC97BA2B76C32A00767BAE /* GithubUsers */,
			);
		};
/* End PBXProject section */

/* Begin PBXResourcesBuildPhase section */
		87CC97B92B76C32A00767BAE /* Resources */ = {
			isa = PBXResourcesBuildPhase;
			buildActionMask = 2147483647;
			files = (
				87CC97CB2B76C32B00767BAE /* LaunchScreen.storyboard in Resources */,
				87CC97C82B76C32B00767BAE /* Assets.xcassets in Resources */,
			);
			runOnlyForDeploymentPostprocessing = 0;
		};
/* End PBXResourcesBuildPhase section */

/* Begin PBXSourcesBuildPhase section */
		87CC97B72B76C32A00767BAE /* Sources */ = {
			isa = PBXSourcesBuildPhase;
			buildActionMask = 2147483647;
			files = (
				872662792B9668C100E841D9 /* GUEmptyStateView.swift in Sources */,
				8726626A2B8E6BB100E841D9 /* GUError.swift in Sources */,
				87CC97D72B76C9BA00767BAE /* FavoritesListVC.swift in Sources */,
				87021AF22B7C196300D13F19 /* FollowersListVC.swift in Sources */,
				8764F4A82B7EA52100B05C40 /* GUContainerView.swift in Sources */,
				87D341842B7E95FB00BF6E4B /* GUBodyLabel.swift in Sources */,
				8764F4A22B7E9B4600B05C40 /* UIViewController+Ext.swift in Sources */,
				87CC97D52B76C99600767BAE /* SearchVC.swift in Sources */,
				8726626D2B8E6E7700E841D9 /* FollowerCell.swift in Sources */,
				8764F4AD2B7EB0AA00B05C40 /* User.swift in Sources */,
				87D2C79A2B97BC7800A43B96 /* GUUserInfoHeaderVC.swift in Sources */,
				87D341822B7E951A00BF6E4B /* GUTitleLabel.swift in Sources */,
				8726627B2B96792C00E841D9 /* UserInfoVC.swift in Sources */,
				8764F4AB2B7EB02800B05C40 /* Follower.swift in Sources */,
				8764F4A02B7E969200B05C40 /* GUAlertVC.swift in Sources */,
				87CC97BF2B76C32A00767BAE /* AppDelegate.swift in Sources */,
				87CC97C12B76C32A00767BAE /* SceneDelegate.swift in Sources */,
				8764F4AF2B7EB61000B05C40 /* NetworkManager.swift in Sources */,
				872662712B8E82B500E841D9 /* UIHelper.swift in Sources */,
				87021AEE2B7C00C300D13F19 /* GUButton.swift in Sources */,
				87D2C79C2B97BCC500A43B96 /* GUSecondaryTitleLabel.swift in Sources */,
				87021AF02B7C066C00D13F19 /* GUTextField.swift in Sources */,
				8726626F2B8E6ED100E841D9 /* GUAvatarImageView.swift in Sources */,
				87D2C79E2B97C23700A43B96 /* Constants.swift in Sources */,
			);
			runOnlyForDeploymentPostprocessing = 0;
		};
/* End PBXSourcesBuildPhase section */

/* Begin PBXVariantGroup section */
		87CC97C92B76C32B00767BAE /* LaunchScreen.storyboard */ = {
			isa = PBXVariantGroup;
			children = (
				87CC97CA2B76C32B00767BAE /* Base */,
			);
			name = LaunchScreen.storyboard;
			sourceTree = "<group>";
		};
/* End PBXVariantGroup section */

/* Begin XCBuildConfiguration section */
		87CC97CD2B76C32B00767BAE /* Debug */ = {
			isa = XCBuildConfiguration;
			buildSettings = {
				ALWAYS_SEARCH_USER_PATHS = NO;
				ASSETCATALOG_COMPILER_GENERATE_SWIFT_ASSET_SYMBOL_EXTENSIONS = YES;
				CLANG_ANALYZER_NONNULL = YES;
				CLANG_ANALYZER_NUMBER_OBJECT_CONVERSION = YES_AGGRESSIVE;
				CLANG_CXX_LANGUAGE_STANDARD = "gnu++20";
				CLANG_ENABLE_MODULES = YES;
				CLANG_ENABLE_OBJC_ARC = YES;
				CLANG_ENABLE_OBJC_WEAK = YES;
				CLANG_WARN_BLOCK_CAPTURE_AUTORELEASING = YES;
				CLANG_WARN_BOOL_CONVERSION = YES;
				CLANG_WARN_COMMA = YES;
				CLANG_WARN_CONSTANT_CONVERSION = YES;
				CLANG_WARN_DEPRECATED_OBJC_IMPLEMENTATIONS = YES;
				CLANG_WARN_DIRECT_OBJC_ISA_USAGE = YES_ERROR;
				CLANG_WARN_DOCUMENTATION_COMMENTS = YES;
				CLANG_WARN_EMPTY_BODY = YES;
				CLANG_WARN_ENUM_CONVERSION = YES;
				CLANG_WARN_INFINITE_RECURSION = YES;
				CLANG_WARN_INT_CONVERSION = YES;
				CLANG_WARN_NON_LITERAL_NULL_CONVERSION = YES;
				CLANG_WARN_OBJC_IMPLICIT_RETAIN_SELF = YES;
				CLANG_WARN_OBJC_LITERAL_CONVERSION = YES;
				CLANG_WARN_OBJC_ROOT_CLASS = YES_ERROR;
				CLANG_WARN_QUOTED_INCLUDE_IN_FRAMEWORK_HEADER = YES;
				CLANG_WARN_RANGE_LOOP_ANALYSIS = YES;
				CLANG_WARN_STRICT_PROTOTYPES = YES;
				CLANG_WARN_SUSPICIOUS_MOVE = YES;
				CLANG_WARN_UNGUARDED_AVAILABILITY = YES_AGGRESSIVE;
				CLANG_WARN_UNREACHABLE_CODE = YES;
				CLANG_WARN__DUPLICATE_METHOD_MATCH = YES;
				COPY_PHASE_STRIP = NO;
				DEBUG_INFORMATION_FORMAT = dwarf;
				ENABLE_STRICT_OBJC_MSGSEND = YES;
				ENABLE_TESTABILITY = YES;
				ENABLE_USER_SCRIPT_SANDBOXING = YES;
				GCC_C_LANGUAGE_STANDARD = gnu17;
				GCC_DYNAMIC_NO_PIC = NO;
				GCC_NO_COMMON_BLOCKS = YES;
				GCC_OPTIMIZATION_LEVEL = 0;
				GCC_PREPROCESSOR_DEFINITIONS = (
					"DEBUG=1",
					"$(inherited)",
				);
				GCC_WARN_64_TO_32_BIT_CONVERSION = YES;
				GCC_WARN_ABOUT_RETURN_TYPE = YES_ERROR;
				GCC_WARN_UNDECLARED_SELECTOR = YES;
				GCC_WARN_UNINITIALIZED_AUTOS = YES_AGGRESSIVE;
				GCC_WARN_UNUSED_FUNCTION = YES;
				GCC_WARN_UNUSED_VARIABLE = YES;
				IPHONEOS_DEPLOYMENT_TARGET = 17.2;
				LOCALIZATION_PREFERS_STRING_CATALOGS = YES;
				MTL_ENABLE_DEBUG_INFO = INCLUDE_SOURCE;
				MTL_FAST_MATH = YES;
				ONLY_ACTIVE_ARCH = YES;
				SDKROOT = iphoneos;
				SWIFT_ACTIVE_COMPILATION_CONDITIONS = "DEBUG $(inherited)";
				SWIFT_OPTIMIZATION_LEVEL = "-Onone";
			};
			name = Debug;
		};
		87CC97CE2B76C32B00767BAE /* Release */ = {
			isa = XCBuildConfiguration;
			buildSettings = {
				ALWAYS_SEARCH_USER_PATHS = NO;
				ASSETCATALOG_COMPILER_GENERATE_SWIFT_ASSET_SYMBOL_EXTENSIONS = YES;
				CLANG_ANALYZER_NONNULL = YES;
				CLANG_ANALYZER_NUMBER_OBJECT_CONVERSION = YES_AGGRESSIVE;
				CLANG_CXX_LANGUAGE_STANDARD = "gnu++20";
				CLANG_ENABLE_MODULES = YES;
				CLANG_ENABLE_OBJC_ARC = YES;
				CLANG_ENABLE_OBJC_WEAK = YES;
				CLANG_WARN_BLOCK_CAPTURE_AUTORELEASING = YES;
				CLANG_WARN_BOOL_CONVERSION = YES;
				CLANG_WARN_COMMA = YES;
				CLANG_WARN_CONSTANT_CONVERSION = YES;
				CLANG_WARN_DEPRECATED_OBJC_IMPLEMENTATIONS = YES;
				CLANG_WARN_DIRECT_OBJC_ISA_USAGE = YES_ERROR;
				CLANG_WARN_DOCUMENTATION_COMMENTS = YES;
				CLANG_WARN_EMPTY_BODY = YES;
				CLANG_WARN_ENUM_CONVERSION = YES;
				CLANG_WARN_INFINITE_RECURSION = YES;
				CLANG_WARN_INT_CONVERSION = YES;
				CLANG_WARN_NON_LITERAL_NULL_CONVERSION = YES;
				CLANG_WARN_OBJC_IMPLICIT_RETAIN_SELF = YES;
				CLANG_WARN_OBJC_LITERAL_CONVERSION = YES;
				CLANG_WARN_OBJC_ROOT_CLASS = YES_ERROR;
				CLANG_WARN_QUOTED_INCLUDE_IN_FRAMEWORK_HEADER = YES;
				CLANG_WARN_RANGE_LOOP_ANALYSIS = YES;
				CLANG_WARN_STRICT_PROTOTYPES = YES;
				CLANG_WARN_SUSPICIOUS_MOVE = YES;
				CLANG_WARN_UNGUARDED_AVAILABILITY = YES_AGGRESSIVE;
				CLANG_WARN_UNREACHABLE_CODE = YES;
				CLANG_WARN__DUPLICATE_METHOD_MATCH = YES;
				COPY_PHASE_STRIP = NO;
				DEBUG_INFORMATION_FORMAT = "dwarf-with-dsym";
				ENABLE_NS_ASSERTIONS = NO;
				ENABLE_STRICT_OBJC_MSGSEND = YES;
				ENABLE_USER_SCRIPT_SANDBOXING = YES;
				GCC_C_LANGUAGE_STANDARD = gnu17;
				GCC_NO_COMMON_BLOCKS = YES;
				GCC_WARN_64_TO_32_BIT_CONVERSION = YES;
				GCC_WARN_ABOUT_RETURN_TYPE = YES_ERROR;
				GCC_WARN_UNDECLARED_SELECTOR = YES;
				GCC_WARN_UNINITIALIZED_AUTOS = YES_AGGRESSIVE;
				GCC_WARN_UNUSED_FUNCTION = YES;
				GCC_WARN_UNUSED_VARIABLE = YES;
				IPHONEOS_DEPLOYMENT_TARGET = 17.2;
				LOCALIZATION_PREFERS_STRING_CATALOGS = YES;
				MTL_ENABLE_DEBUG_INFO = NO;
				MTL_FAST_MATH = YES;
				SDKROOT = iphoneos;
				SWIFT_COMPILATION_MODE = wholemodule;
				VALIDATE_PRODUCT = YES;
			};
			name = Release;
		};
		87CC97D02B76C32B00767BAE /* Debug */ = {
			isa = XCBuildConfiguration;
			buildSettings = {
				ASSETCATALOG_COMPILER_APPICON_NAME = AppIcon;
				ASSETCATALOG_COMPILER_GLOBAL_ACCENT_COLOR_NAME = AccentColor;
				CODE_SIGN_STYLE = Automatic;
				CURRENT_PROJECT_VERSION = 1;
				DEVELOPMENT_TEAM = 759C7Y26H7;
				GENERATE_INFOPLIST_FILE = YES;
				INFOPLIST_FILE = GithubUsers/Info.plist;
				INFOPLIST_KEY_UIApplicationSupportsIndirectInputEvents = YES;
				INFOPLIST_KEY_UILaunchStoryboardName = LaunchScreen;
				INFOPLIST_KEY_UISupportedInterfaceOrientations = UIInterfaceOrientationPortrait;
				LD_RUNPATH_SEARCH_PATHS = (
					"$(inherited)",
					"@executable_path/Frameworks",
				);
				MARKETING_VERSION = 1.0;
				PRODUCT_BUNDLE_IDENTIFIER = co.marcocapraro.GithubUsers;
				PRODUCT_NAME = "$(TARGET_NAME)";
				SWIFT_EMIT_LOC_STRINGS = YES;
				SWIFT_VERSION = 5.0;
				TARGETED_DEVICE_FAMILY = "1,2";
			};
			name = Debug;
		};
		87CC97D12B76C32B00767BAE /* Release */ = {
			isa = XCBuildConfiguration;
			buildSettings = {
				ASSETCATALOG_COMPILER_APPICON_NAME = AppIcon;
				ASSETCATALOG_COMPILER_GLOBAL_ACCENT_COLOR_NAME = AccentColor;
				CODE_SIGN_STYLE = Automatic;
				CURRENT_PROJECT_VERSION = 1;
				DEVELOPMENT_TEAM = 759C7Y26H7;
				GENERATE_INFOPLIST_FILE = YES;
				INFOPLIST_FILE = GithubUsers/Info.plist;
				INFOPLIST_KEY_UIApplicationSupportsIndirectInputEvents = YES;
				INFOPLIST_KEY_UILaunchStoryboardName = LaunchScreen;
				INFOPLIST_KEY_UISupportedInterfaceOrientations = UIInterfaceOrientationPortrait;
				LD_RUNPATH_SEARCH_PATHS = (
					"$(inherited)",
					"@executable_path/Frameworks",
				);
				MARKETING_VERSION = 1.0;
				PRODUCT_BUNDLE_IDENTIFIER = co.marcocapraro.GithubUsers;
				PRODUCT_NAME = "$(TARGET_NAME)";
				SWIFT_EMIT_LOC_STRINGS = YES;
				SWIFT_VERSION = 5.0;
				TARGETED_DEVICE_FAMILY = "1,2";
			};
			name = Release;
		};
/* End XCBuildConfiguration section */

/* Begin XCConfigurationList section */
		87CC97B62B76C32A00767BAE /* Build configuration list for PBXProject "GithubUsers" */ = {
			isa = XCConfigurationList;
			buildConfigurations = (
				87CC97CD2B76C32B00767BAE /* Debug */,
				87CC97CE2B76C32B00767BAE /* Release */,
			);
			defaultConfigurationIsVisible = 0;
			defaultConfigurationName = Release;
		};
		87CC97CF2B76C32B00767BAE /* Build configuration list for PBXNativeTarget "GithubUsers" */ = {
			isa = XCConfigurationList;
			buildConfigurations = (
				87CC97D02B76C32B00767BAE /* Debug */,
				87CC97D12B76C32B00767BAE /* Release */,
			);
			defaultConfigurationIsVisible = 0;
			defaultConfigurationName = Release;
		};
/* End XCConfigurationList section */
	};
	rootObject = 87CC97B32B76C32A00767BAE /* Project object */;
}
